{
  "nodes": {
    "flake-utils": {
      "inputs": {
        "systems": "systems"
      },
      "locked": {
        "lastModified": 1731533236,
        "narHash": "sha256-l0KFg5HjrsfsO/JpG+r7fRrqm12kzFHyUHqHCVpMMbI=",
        "owner": "numtide",
        "repo": "flake-utils",
        "rev": "11707dc2f618dd54ca8739b309ec4fc024de578b",
        "type": "github"
      },
      "original": {
        "owner": "numtide",
        "repo": "flake-utils",
        "type": "github"
      }
    },
    "home-manager": {
      "inputs": {
        "nixpkgs": [
          "nixpkgs"
        ]
      },
      "locked": {
        "lastModified": 1740208222,
        "narHash": "sha256-FqgPcK5BK+Mc4cGBCGz555UsVd/TQK9FvmuamBWu+ZY=",
        "owner": "nix-community",
        "repo": "home-manager",
        "rev": "f4a07823a298deff0efb0db30f9318511de7c232",
        "type": "github"
      },
      "original": {
        "owner": "nix-community",
        "ref": "master",
        "repo": "home-manager",
        "type": "github"
      }
    },
    "llama-vim": {
      "flake": false,
      "locked": {
        "lastModified": 1740035357,
        "narHash": "sha256-BEu+XTG4O/7fo6B0cgraLSspmSCX4AdGC6r6ckb3NO8=",
        "owner": "ggml-org",
        "repo": "llama.vim",
        "rev": "8911be76d2313310f86acaa7957da5f11875c4f9",
        "type": "github"
      },
      "original": {
        "owner": "ggml-org",
        "ref": "master",
        "repo": "llama.vim",
        "type": "github"
      }
    },
    "nix-darwin": {
      "inputs": {
        "nixpkgs": [
          "nixpkgs"
        ]
      },
      "locked": {
        "lastModified": 1739933872,
        "narHash": "sha256-UhuvTR4OrWR+WBaRCZm4YMkvjJhZ1KZo/jRjE41m+Ek=",
        "owner": "LnL7",
        "repo": "nix-darwin",
        "rev": "6ab392f626a19f1122d1955c401286e1b7cf6b53",
        "type": "github"
      },
      "original": {
        "owner": "LnL7",
        "repo": "nix-darwin",
        "type": "github"
      }
    },
    "nixpkgs": {
      "locked": {
        "lastModified": 1740019556,
        "narHash": "sha256-vn285HxnnlHLWnv59Og7muqECNMS33mWLM14soFIv2g=",
        "owner": "NixOS",
        "repo": "nixpkgs",
        "rev": "dad564433178067be1fbdfcce23b546254b6d641",
        "type": "github"
      },
      "original": {
        "owner": "NixOS",
        "ref": "nixpkgs-unstable",
        "repo": "nixpkgs",
        "type": "github"
      }
    },
    "root": {
      "inputs": {
        "flake-utils": "flake-utils",
        "home-manager": "home-manager",
        "llama-vim": "llama-vim",
        "nix-darwin": "nix-darwin",
        "nixpkgs": "nixpkgs",
        "vim-coverage-py": "vim-coverage-py",
        "vim-qfreplace": "vim-qfreplace",
        "webster-dictionary": "webster-dictionary"
      }
    },
    "systems": {
      "locked": {
        "lastModified": 1681028828,
        "narHash": "sha256-Vy1rq5AaRuLzOxct8nz4T6wlgyUR7zLU309k9mBC768=",
        "owner": "nix-systems",
        "repo": "default",
        "rev": "da67096a3b9bf56a91d16901293e51ba5b49a27e",
        "type": "github"
      },
      "original": {
        "owner": "nix-systems",
        "repo": "default",
        "type": "github"
      }
    },
    "vim-coverage-py": {
      "flake": false,
      "locked": {
        "lastModified": 1610132940,
        "narHash": "sha256-9dpw+0UmuE9R8Lr+npJ9vQYwoSexsU/XJbhnOL+HulY=",
        "owner": "kalekseev",
        "repo": "vim-coverage.py",
        "rev": "0cabe076776640988c245a9eb640da2e6f4b2bc4",
        "type": "github"
      },
      "original": {
        "owner": "kalekseev",
        "repo": "vim-coverage.py",
        "rev": "0cabe076776640988c245a9eb640da2e6f4b2bc4",
        "type": "github"
      }
    },
    "vim-qfreplace": {
      "flake": false,
      "locked": {
        "lastModified": 1632933604,
        "narHash": "sha256-PLPWjPELicZXO+jxs+OWtrDtTIKUWFhXOK4bjGnToQY=",
        "owner": "thinca",
        "repo": "vim-qfreplace",
        "rev": "db1c4b0161931c9a63942f4f562a0d0f4271ac14",
        "type": "github"
      },
      "original": {
        "owner": "thinca",
        "repo": "vim-qfreplace",
        "rev": "db1c4b0161931c9a63942f4f562a0d0f4271ac14",
        "type": "github"
      }
    },
    "webster-dictionary": {
      "flake": false,
      "locked": {
        "lastModified": 1719196073,
        "narHash": "sha256-UaYKAC/7bYAT4B8cgHt+l1gfu1vif+jrPep+vU5guZU=",
        "type": "tarball",
        "url": "https://github.com/websterParser/WebsterParser/releases/download/v2.0.2/websters-1913.dictionary.zip"
      },
      "original": {
        "type": "tarball",
        "url": "https://github.com/websterParser/WebsterParser/releases/download/v2.0.2/websters-1913.dictionary.zip"
      }
    }
  },
  "root": "root",
  "version": 7
}
