{
  "nodes": {
    "flake-utils": {
      "inputs": {
        "systems": "systems"
      },
      "locked": {
        "lastModified": 1731533236,
        "narHash": "sha256-l0KFg5HjrsfsO/JpG+r7fRrqm12kzFHyUHqHCVpMMbI=",
        "owner": "numtide",
        "repo": "flake-utils",
        "rev": "11707dc2f618dd54ca8739b309ec4fc024de578b",
        "type": "github"
      },
      "original": {
        "owner": "numtide",
        "repo": "flake-utils",
        "type": "github"
      }
    },
    "fold-imports-nvim": {
      "flake": false,
      "locked": {
        "lastModified": 1756350101,
        "narHash": "sha256-bvwbtRqlmXFidMvNtqQsrA99ulCTqUO/Q/N1BFTN1Es=",
        "owner": "kalekseev",
        "repo": "fold-imports.nvim",
        "rev": "0ef3991258daa26093fda2576d10c077d1b067bc",
        "type": "github"
      },
      "original": {
        "owner": "kalekseev",
        "repo": "fold-imports.nvim",
        "type": "github"
      }
    },
    "home-manager": {
      "inputs": {
        "nixpkgs": [
          "nixpkgs"
        ]
      },
      "locked": {
        "lastModified": 1756261190,
        "narHash": "sha256-eiy0klFK5EVJLNilutR7grsZN/7Itj9DyD75eyOf83k=",
        "owner": "nix-community",
        "repo": "home-manager",
        "rev": "77f348da3176dc68b20a73dab94852a417daf361",
        "type": "github"
      },
      "original": {
        "owner": "nix-community",
        "ref": "master",
        "repo": "home-manager",
        "type": "github"
      }
    },
    "llama-vim": {
      "flake": false,
      "locked": {
        "lastModified": 1756200355,
        "narHash": "sha256-8XU34GLAcbYimJcfJtAXHZNcg+yWbk2gUF9Y4lZ3Vis=",
        "owner": "ggml-org",
        "repo": "llama.vim",
        "rev": "72022970d57e2e89b7fef603cdba19ad3914c60f",
        "type": "github"
      },
      "original": {
        "owner": "ggml-org",
        "ref": "master",
        "repo": "llama.vim",
        "type": "github"
      }
    },
    "nix-darwin": {
      "inputs": {
        "nixpkgs": [
          "nixpkgs"
        ]
      },
      "locked": {
        "lastModified": 1755825449,
        "narHash": "sha256-XkiN4NM9Xdy59h69Pc+Vg4PxkSm9EWl6u7k6D5FZ5cM=",
        "owner": "LnL7",
        "repo": "nix-darwin",
        "rev": "8df64f819698c1fee0c2969696f54a843b2231e8",
        "type": "github"
      },
      "original": {
        "owner": "LnL7",
        "repo": "nix-darwin",
        "type": "github"
      }
    },
    "nixpkgs": {
      "locked": {
        "lastModified": 1756381814,
        "narHash": "sha256-tzo7YvAsGlzo4WiIHT0ooR59VHu+aKRQdHk7sIyoia4=",
        "owner": "NixOS",
        "repo": "nixpkgs",
        "rev": "aca2499b79170038df0dbaec8bf2f689b506ad32",
        "type": "github"
      },
      "original": {
        "owner": "NixOS",
        "ref": "nixpkgs-unstable",
        "repo": "nixpkgs",
        "type": "github"
      }
    },
    "root": {
      "inputs": {
        "flake-utils": "flake-utils",
        "fold-imports-nvim": "fold-imports-nvim",
        "home-manager": "home-manager",
        "llama-vim": "llama-vim",
        "nix-darwin": "nix-darwin",
        "nixpkgs": "nixpkgs",
        "vim-coverage-py": "vim-coverage-py",
        "vim-qfreplace": "vim-qfreplace",
        "webster-dictionary": "webster-dictionary",
        "yank-for-claude-nvim": "yank-for-claude-nvim"
      }
    },
    "systems": {
      "locked": {
        "lastModified": 1681028828,
        "narHash": "sha256-Vy1rq5AaRuLzOxct8nz4T6wlgyUR7zLU309k9mBC768=",
        "owner": "nix-systems",
        "repo": "default",
        "rev": "da67096a3b9bf56a91d16901293e51ba5b49a27e",
        "type": "github"
      },
      "original": {
        "owner": "nix-systems",
        "repo": "default",
        "type": "github"
      }
    },
    "vim-coverage-py": {
      "flake": false,
      "locked": {
        "lastModified": 1610132940,
        "narHash": "sha256-9dpw+0UmuE9R8Lr+npJ9vQYwoSexsU/XJbhnOL+HulY=",
        "owner": "kalekseev",
        "repo": "vim-coverage.py",
        "rev": "0cabe076776640988c245a9eb640da2e6f4b2bc4",
        "type": "github"
      },
      "original": {
        "owner": "kalekseev",
        "repo": "vim-coverage.py",
        "rev": "0cabe076776640988c245a9eb640da2e6f4b2bc4",
        "type": "github"
      }
    },
    "vim-qfreplace": {
      "flake": false,
      "locked": {
        "lastModified": 1632933604,
        "narHash": "sha256-PLPWjPELicZXO+jxs+OWtrDtTIKUWFhXOK4bjGnToQY=",
        "owner": "thinca",
        "repo": "vim-qfreplace",
        "rev": "db1c4b0161931c9a63942f4f562a0d0f4271ac14",
        "type": "github"
      },
      "original": {
        "owner": "thinca",
        "repo": "vim-qfreplace",
        "rev": "db1c4b0161931c9a63942f4f562a0d0f4271ac14",
        "type": "github"
      }
    },
    "webster-dictionary": {
      "flake": false,
      "locked": {
        "lastModified": 1719196073,
        "narHash": "sha256-UaYKAC/7bYAT4B8cgHt+l1gfu1vif+jrPep+vU5guZU=",
        "type": "tarball",
        "url": "https://github.com/websterParser/WebsterParser/releases/download/v2.0.2/websters-1913.dictionary.zip"
      },
      "original": {
        "type": "tarball",
        "url": "https://github.com/websterParser/WebsterParser/releases/download/v2.0.2/websters-1913.dictionary.zip"
      }
    },
    "yank-for-claude-nvim": {
      "flake": false,
      "locked": {
        "lastModified": 1750384209,
        "narHash": "sha256-q5aYPTlFpBA6kBvht/NqNKBtj2dQf88nxsXzUXtq6Sg=",
        "owner": "wasabeef",
        "repo": "yank-for-claude.nvim",
        "rev": "5879059decfd16c2f983c0d27e0247fede5dff4d",
        "type": "github"
      },
      "original": {
        "owner": "wasabeef",
        "repo": "yank-for-claude.nvim",
        "rev": "5879059decfd16c2f983c0d27e0247fede5dff4d",
        "type": "github"
      }
    }
  },
  "root": "root",
  "version": 7
}
