{
  "nodes": {
    "flake-utils": {
      "inputs": {
        "systems": "systems"
      },
      "locked": {
        "lastModified": 1710146030,
        "narHash": "sha256-SZ5L6eA7HJ/nmkzGG7/ISclqe6oZdOZTNoesiInkXPQ=",
        "owner": "numtide",
        "repo": "flake-utils",
        "rev": "b1d9ab70662946ef0850d488da1c9019f3a9752a",
        "type": "github"
      },
      "original": {
        "owner": "numtide",
        "repo": "flake-utils",
        "type": "github"
      }
    },
    "gp-nvim": {
      "flake": false,
      "locked": {
        "lastModified": 1709151457,
        "narHash": "sha256-IIpbLDiC5Th/jbx7LDEPj+6D86eQQCZgPQHsfc8j8GY=",
        "owner": "Robitx",
        "repo": "gp.nvim",
        "rev": "d76be3d067b4e7352d1e744954327982cf1d24aa",
        "type": "github"
      },
      "original": {
        "owner": "Robitx",
        "repo": "gp.nvim",
        "rev": "d76be3d067b4e7352d1e744954327982cf1d24aa",
        "type": "github"
      }
    },
    "home-manager": {
      "inputs": {
        "nixpkgs": [
          "nixpkgs"
        ]
      },
      "locked": {
        "lastModified": 1720327769,
        "narHash": "sha256-kAsg3Lg4YKKpGw+f1W2s5hzjP8B0y/juowvjK8utIag=",
        "owner": "nix-community",
        "repo": "home-manager",
        "rev": "6b7ce96f34b324e4e104abc30d06955d216bac71",
        "type": "github"
      },
      "original": {
        "owner": "nix-community",
        "ref": "master",
        "repo": "home-manager",
        "type": "github"
      }
    },
    "nix-darwin": {
      "inputs": {
        "nixpkgs": [
          "nixpkgs"
        ]
      },
      "locked": {
        "lastModified": 1719845423,
        "narHash": "sha256-ZLHDmWAsHQQKnmfyhYSHJDlt8Wfjv6SQhl2qek42O7A=",
        "owner": "LnL7",
        "repo": "nix-darwin",
        "rev": "ec12b88104d6c117871fad55e931addac4626756",
        "type": "github"
      },
      "original": {
        "owner": "LnL7",
        "repo": "nix-darwin",
        "type": "github"
      }
    },
    "nixpkgs": {
      "locked": {
        "lastModified": 1720181791,
        "narHash": "sha256-i4vJL12/AdyuQuviMMd1Hk2tsGt02hDNhA0Zj1m16N8=",
        "owner": "NixOS",
        "repo": "nixpkgs",
        "rev": "4284c2b73c8bce4b46a6adf23e16d9e2ec8da4bb",
        "type": "github"
      },
      "original": {
        "owner": "NixOS",
        "ref": "nixpkgs-unstable",
        "repo": "nixpkgs",
        "type": "github"
      }
    },
    "root": {
      "inputs": {
        "flake-utils": "flake-utils",
        "gp-nvim": "gp-nvim",
        "home-manager": "home-manager",
        "nix-darwin": "nix-darwin",
        "nixpkgs": "nixpkgs",
        "vim-coverage-py": "vim-coverage-py",
        "vim-qfreplace": "vim-qfreplace"
      }
    },
    "systems": {
      "locked": {
        "lastModified": 1681028828,
        "narHash": "sha256-Vy1rq5AaRuLzOxct8nz4T6wlgyUR7zLU309k9mBC768=",
        "owner": "nix-systems",
        "repo": "default",
        "rev": "da67096a3b9bf56a91d16901293e51ba5b49a27e",
        "type": "github"
      },
      "original": {
        "owner": "nix-systems",
        "repo": "default",
        "type": "github"
      }
    },
    "vim-coverage-py": {
      "flake": false,
      "locked": {
        "lastModified": 1610132940,
        "narHash": "sha256-9dpw+0UmuE9R8Lr+npJ9vQYwoSexsU/XJbhnOL+HulY=",
        "owner": "kalekseev",
        "repo": "vim-coverage.py",
        "rev": "0cabe076776640988c245a9eb640da2e6f4b2bc4",
        "type": "github"
      },
      "original": {
        "owner": "kalekseev",
        "repo": "vim-coverage.py",
        "rev": "0cabe076776640988c245a9eb640da2e6f4b2bc4",
        "type": "github"
      }
    },
    "vim-qfreplace": {
      "flake": false,
      "locked": {
        "lastModified": 1632933604,
        "narHash": "sha256-PLPWjPELicZXO+jxs+OWtrDtTIKUWFhXOK4bjGnToQY=",
        "owner": "thinca",
        "repo": "vim-qfreplace",
        "rev": "db1c4b0161931c9a63942f4f562a0d0f4271ac14",
        "type": "github"
      },
      "original": {
        "owner": "thinca",
        "repo": "vim-qfreplace",
        "rev": "db1c4b0161931c9a63942f4f562a0d0f4271ac14",
        "type": "github"
      }
    }
  },
  "root": "root",
  "version": 7
}
